
Microsoft Visual Studio Solution File, Format Version 12.00
# Visual Studio 14
VisualStudioVersion = 14.0.25123.0
MinimumVisualStudioVersion = 10.0.40219.1
Project("{FAE04EC0-301F-11D3-BF4B-00C04F79EFBC}") = "LockFreeSessionState", "LockFreeSessionState\LockFreeSessionState.csproj", "{7EA37C07-6F6F-48F2-8F12-A6F89C89EEBC}"
EndProject
Project("{FAE04EC0-301F-11D3-BF4B-00C04F79EFBC}") = "LockFreeSessionStateProvider", "LockFreeSessionStateProvider\LockFreeSessionStateProvider.csproj", "{8D9F677B-9FF0-46AA-89C9-8A5EEAC9D324}"
EndProject
Global
	GlobalSection(SolutionConfigurationPlatforms) = preSolution
		Debug|Any CPU = Debug|Any CPU
		Release|Any CPU = Release|Any CPU
	EndGlobalSection
	GlobalSection(ProjectConfigurationPlatforms) = postSolution
		{7EA37C07-6F6F-48F2-8F12-A6F89C89EEBC}.Debug|Any CPU.ActiveCfg = Debug|Any CPU
		{7EA37C07-6F6F-48F2-8F12-A6F89C89EEBC}.Debug|Any CPU.Build.0 = Debug|Any CPU
		{7EA37C07-6F6F-48F2-8F12-A6F89C89EEBC}.Release|Any CPU.ActiveCfg = Release|Any CPU
		{7EA37C07-6F6F-48F2-8F12-A6F89C89EEBC}.Release|Any CPU.Build.0 = Release|Any CPU
		{8D9F677B-9FF0-46AA-89C9-8A5EEAC9D324}.Debug|Any CPU.ActiveCfg = Debug|Any CPU
		{8D9F677B-9FF0-46AA-89C9-8A5EEAC9D324}.Debug|Any CPU.Build.0 = Debug|Any CPU
		{8D9F677B-9FF0-46AA-89C9-8A5EEAC9D324}.Release|Any CPU.ActiveCfg = Release|Any CPU
		{8D9F677B-9FF0-46AA-89C9-8A5EEAC9D324}.Release|Any CPU.Build.0 = Release|Any CPU
	EndGlobalSection
	GlobalSection(SolutionProperties) = preSolution
		HideSolutionNode = FALSE
	EndGlobalSection
EndGlobal
